
Microsoft Visual Studio Solution File, Format Version 12.00
# Visual Studio Version 17
VisualStudioVersion = 17.5.33516.290
MinimumVisualStudioVersion = 10.0.40219.1
Project("{9A19103F-16F7-4668-BE54-9A1E7A4F7556}") = "WebApplication1", "WebApplication1\WebApplication1.csproj", "{99EBDB07-41F5-4187-A6C6-C8FBA75E86CF}"
EndProject
Global
	GlobalSection(SolutionConfigurationPlatforms) = preSolution
		Debug|Any CPU = Debug|Any CPU
		Release|Any CPU = Release|Any CPU
	EndGlobalSection
	GlobalSection(ProjectConfigurationPlatforms) = postSolution
		{99EBDB07-41F5-4187-A6C6-C8FBA75E86CF}.Debug|Any CPU.ActiveCfg = Debug|Any CPU
		{99EBDB07-41F5-4187-A6C6-C8FBA75E86CF}.Debug|Any CPU.Build.0 = Debug|Any CPU
		{99EBDB07-41F5-4187-A6C6-C8FBA75E86CF}.Release|Any CPU.ActiveCfg = Release|Any CPU
		{99EBDB07-41F5-4187-A6C6-C8FBA75E86CF}.Release|Any CPU.Build.0 = Release|Any CPU
	EndGlobalSection
	GlobalSection(SolutionProperties) = preSolution
		HideSolutionNode = FALSE
	EndGlobalSection
	GlobalSection(ExtensibilityGlobals) = postSolution
		SolutionGuid = {6E25A777-3E8E-4E36-B20C-EA909EFDAEB0}
	EndGlobalSection
EndGlobal
